<?xml version="1.0" encoding="utf-8"?>
<Project ToolsVersion="4.0" xmlns="http://schemas.microsoft.com/developer/msbuild/2003">
  <ItemGroup>
    <Filter Include="Source Files">
      <UniqueIdentifier>{4FC737F1-C7A5-4376-A066-2A32D752A2FF}</UniqueIdentifier>
      <Extensions>cpp;c;cc;cxx;def;odl;idl;hpj;bat;asm;asmx</Extensions>
    </Filter>
    <Filter Include="Header Files">
      <UniqueIdentifier>{93995380-89BD-4b04-88EB-625FBE52EBFB}</UniqueIdentifier>
      <Extensions>h;hh;hpp;hxx;hm;inl;inc;xsd</Extensions>
    </Filter>
    <Filter Include="Resource Files">
      <UniqueIdentifier>{67DA6AB6-F800-4c08-8B7A-83BB121AAD01}</UniqueIdentifier>
      <Extensions>rc;ico;cur;bmp;dlg;rc2;rct;bin;rgs;gif;jpg;jpeg;jpe;resx;tiff;tif;png;wav;mfcribbon-ms</Extensions>
    </Filter>
    <Filter Include="Resource Files\Textures">
      <UniqueIdentifier>{2fd0c510-1b38-4c50-8178-d88c1c7a3935}</UniqueIdentifier>
    </Filter>
    <Filter Include="Resource Files\Shaders">
      <UniqueIdentifier>{e3dcfede-5a68-4876-b57d-63355bbcac2b}</UniqueIdentifier>
    </Filter>
    <Filter Include="Resource Files\Models">
      <UniqueIdentifier>{5afedc59-65d9-4e4a-91b4-17a893de5789}</UniqueIdentifier>
    </Filter>
    <Filter Include="Resource Files\Models\zhenji">
      <UniqueIdentifier>{f67738f0-b21e-4db1-8e87-f8bc5bd31e4e}</UniqueIdentifier>
    </Filter>
    <Filter Include="Resource Files\Skyboxes">
      <UniqueIdentifier>{3a88086c-bfe0-42fc-8f16-5d505d43e038}</UniqueIdentifier>
    </Filter>
    <Filter Include="Resource Files\Skyboxes\1">
      <UniqueIdentifier>{19e56f4a-c1f9-4222-93c6-9debf07fb759}</UniqueIdentifier>
    </Filter>
    <Filter Include="Resource Files\Fonts">
      <UniqueIdentifier>{1ff21b40-300f-4c4e-91b3-76c3119b10cf}</UniqueIdentifier>
    </Filter>
  </ItemGroup>
  <ItemGroup>
    <Text Include="ReadMe.txt" />
  </ItemGroup>
  <ItemGroup>
    <Image Include="Resource\Textures\marble.jpg">
      <Filter>Resource Files\Textures</Filter>
    </Image>
    <Image Include="Resource\Textures\metal.png">
      <Filter>Resource Files\Textures</Filter>
    </Image>
    <Image Include="Resource\Models\zhenji\zhenji256.png">
      <Filter>Resource Files\Models\zhenji</Filter>
    </Image>
    <Image Include="Resource\Textures\container2_specular.png">
      <Filter>Resource Files\Textures</Filter>
    </Image>
    <Image Include="Resource\Textures\grass.png">
      <Filter>Resource Files\Textures</Filter>
    </Image>
    <Image Include="Resource\Textures\blending_transparent_window.png">
      <Filter>Resource Files\Textures</Filter>
    </Image>
    <Image Include="Resource\Skyboxes\1\back.jpg">
      <Filter>Resource Files\Skyboxes\1</Filter>
    </Image>
    <Image Include="Resource\Skyboxes\1\bottom.jpg">
      <Filter>Resource Files\Skyboxes\1</Filter>
    </Image>
    <Image Include="Resource\Skyboxes\1\front.jpg">
      <Filter>Resource Files\Skyboxes\1</Filter>
    </Image>
    <Image Include="Resource\Skyboxes\1\left.jpg">
      <Filter>Resource Files\Skyboxes\1</Filter>
    </Image>
    <Image Include="Resource\Skyboxes\1\right.jpg">
      <Filter>Resource Files\Skyboxes\1</Filter>
    </Image>
    <Image Include="Resource\Skyboxes\1\top.jpg">
      <Filter>Resource Files\Skyboxes\1</Filter>
    </Image>
  </ItemGroup>
  <ItemGroup>
    <None Include="Resource\Shaders\Depth.fs">
      <Filter>Resource Files\Shaders</Filter>
    </None>
    <None Include="Resource\Shaders\Depth.vs">
      <Filter>Resource Files\Shaders</Filter>
    </None>
    <None Include="Resource\Shaders\LampShader.fs">
      <Filter>Resource Files\Shaders</Filter>
    </None>
    <None Include="Resource\Shaders\LampShader.vs">
      <Filter>Resource Files\Shaders</Filter>
    </None>
    <None Include="Resource\Shaders\Light.fs">
      <Filter>Resource Files\Shaders</Filter>
    </None>
    <None Include="Resource\Shaders\Light.vs">
      <Filter>Resource Files\Shaders</Filter>
    </None>
    <None Include="Resource\Shaders\simple.fs">
      <Filter>Resource Files\Shaders</Filter>
    </None>
    <None Include="Resource\Shaders\simple.vs">
      <Filter>Resource Files\Shaders</Filter>
    </None>
    <None Include="Resource\Shaders\SingleColor.fs" />
    <None Include="Resource\Shaders\SingleColor.vs" />
    <None Include="Resource\Models\zhenji\ZhenJi.xyz">
      <Filter>Resource Files\Models\zhenji</Filter>
    </None>
    <None Include="Resource\Shaders\Screen.vs">
      <Filter>Resource Files\Shaders</Filter>
    </None>
    <None Include="Resource\Shaders\Screen.fs">
      <Filter>Resource Files\Shaders</Filter>
    </None>
    <None Include="Resource\Shaders\SkyBox.fs">
      <Filter>Resource Files\Shaders</Filter>
    </None>
    <None Include="Resource\Shaders\SkyBox.vs">
      <Filter>Resource Files\Shaders</Filter>
    </None>
    <None Include="Resource\Shaders\Reflection.fs">
      <Filter>Resource Files\Shaders</Filter>
    </None>
    <None Include="Resource\Shaders\Reflection.vs">
      <Filter>Resource Files\Shaders</Filter>
    </None>
    <None Include="Instance.vs">
      <Filter>Resource Files\Shaders</Filter>
    </None>
    <None Include="Instance.fs">
      <Filter>Resource Files\Shaders</Filter>
    </None>
    <None Include="Resource\Fonts\msyh.ttc">
      <Filter>Resource Files\Fonts</Filter>
    </None>
    <None Include="Resource\Shaders\Font.fs">
      <Filter>Resource Files\Shaders</Filter>
    </None>
    <None Include="Resource\Shaders\Font.vs">
      <Filter>Resource Files\Shaders</Filter>
    </None>
  </ItemGroup>
  <ItemGroup>
    <ClCompile Include="src\Camera.cpp">
      <Filter>Source Files</Filter>
    </ClCompile>
    <ClCompile Include="src\HRender.cpp">
      <Filter>Source Files</Filter>
    </ClCompile>
    <ClCompile Include="src\Mesh.cpp">
      <Filter>Source Files</Filter>
    </ClCompile>
    <ClCompile Include="src\Model.cpp">
      <Filter>Source Files</Filter>
    </ClCompile>
    <ClCompile Include="src\PointLight.cpp">
      <Filter>Source Files</Filter>
    </ClCompile>
    <ClCompile Include="src\Res.cpp">
      <Filter>Source Files</Filter>
    </ClCompile>
    <ClCompile Include="src\Shader.cpp">
      <Filter>Source Files</Filter>
    </ClCompile>
    <ClCompile Include="src\stdafx.cpp">
      <Filter>Source Files</Filter>
    </ClCompile>
    <ClCompile Include="glad.c">
      <Filter>Source Files</Filter>
    </ClCompile>
    <ClCompile Include="src\Font.cpp">
      <Filter>Source Files</Filter>
    </ClCompile>
  </ItemGroup>
  <ItemGroup>
    <ClInclude Include="include\Camera.h">
      <Filter>Header Files</Filter>
    </ClInclude>
    <ClInclude Include="include\Mesh.h">
      <Filter>Header Files</Filter>
    </ClInclude>
    <ClInclude Include="include\Model.h">
      <Filter>Header Files</Filter>
    </ClInclude>
    <ClInclude Include="include\PointLight.h">
      <Filter>Header Files</Filter>
    </ClInclude>
    <ClInclude Include="include\Res.h">
      <Filter>Header Files</Filter>
    </ClInclude>
    <ClInclude Include="include\Shader.h">
      <Filter>Header Files</Filter>
    </ClInclude>
    <ClInclude Include="include\stb_image.h">
      <Filter>Header Files</Filter>
    </ClInclude>
    <ClInclude Include="include\stdafx.h">
      <Filter>Header Files</Filter>
    </ClInclude>
    <ClInclude Include="include\targetver.h">
      <Filter>Header Files</Filter>
    </ClInclude>
    <ClInclude Include="include\Font.h">
      <Filter>Header Files</Filter>
    </ClInclude>
  </ItemGroup>
</Project>