<?xml version="1.0" encoding="utf-8"?>
<Project ToolsVersion="4.0" xmlns="http://schemas.microsoft.com/developer/msbuild/2003">
  <ItemGroup>
    <Filter Include="Source Files">
      <UniqueIdentifier>{4FC737F1-C7A5-4376-A066-2A32D752A2FF}</UniqueIdentifier>
      <Extensions>cpp;c;cc;cxx;def;odl;idl;hpj;bat;asm;asmx</Extensions>
    </Filter>
    <Filter Include="Header Files">
      <UniqueIdentifier>{93995380-89BD-4b04-88EB-625FBE52EBFB}</UniqueIdentifier>
      <Extensions>h;hh;hpp;hxx;hm;inl;inc;xsd</Extensions>
    </Filter>
    <Filter Include="Resource Files">
      <UniqueIdentifier>{67DA6AB6-F800-4c08-8B7A-83BB121AAD01}</UniqueIdentifier>
      <Extensions>rc;ico;cur;bmp;dlg;rc2;rct;bin;rgs;gif;jpg;jpeg;jpe;resx;tiff;tif;png;wav;mfcribbon-ms</Extensions>
    </Filter>
    <Filter Include="Resource Files\Textures">
      <UniqueIdentifier>{1a44d908-2f13-4978-8e11-aded0ad9ec90}</UniqueIdentifier>
    </Filter>
    <Filter Include="Resource Files\Skyboxes">
      <UniqueIdentifier>{7ba875b6-8686-4040-bd76-f6375a867e4c}</UniqueIdentifier>
    </Filter>
    <Filter Include="Resource Files\Shaders">
      <UniqueIdentifier>{80aa31ce-9221-4f99-a077-3b80d22278c8}</UniqueIdentifier>
    </Filter>
    <Filter Include="Resource Files\Models">
      <UniqueIdentifier>{b60674e0-b008-4fe3-a3c8-a5ce97a5c589}</UniqueIdentifier>
    </Filter>
    <Filter Include="Resource Files\Fonts">
      <UniqueIdentifier>{a267e536-f1a6-4010-a732-ec3fefe8e071}</UniqueIdentifier>
    </Filter>
    <Filter Include="Resource Files\Skyboxes\1">
      <UniqueIdentifier>{98b7a204-d5a7-4c4f-9ca7-f54612d63649}</UniqueIdentifier>
    </Filter>
    <Filter Include="Resource Files\Models\baize">
      <UniqueIdentifier>{dbddcc89-077f-477b-b9a7-f14acc6f51e9}</UniqueIdentifier>
    </Filter>
    <Filter Include="Resource Files\Models\planet">
      <UniqueIdentifier>{caec84fc-e82c-4e5a-b23e-7f092a2467fd}</UniqueIdentifier>
    </Filter>
    <Filter Include="Resource Files\Models\zhenji">
      <UniqueIdentifier>{4040f9ac-85dc-4ace-8953-bc296212bbd6}</UniqueIdentifier>
    </Filter>
  </ItemGroup>
  <ItemGroup>
    <ClCompile Include="src\Camera.cpp">
      <Filter>Source Files</Filter>
    </ClCompile>
    <ClCompile Include="src\Font.cpp">
      <Filter>Source Files</Filter>
    </ClCompile>
    <ClCompile Include="src\HRender.cpp">
      <Filter>Source Files</Filter>
    </ClCompile>
    <ClCompile Include="src\Mesh.cpp">
      <Filter>Source Files</Filter>
    </ClCompile>
    <ClCompile Include="src\Model.cpp">
      <Filter>Source Files</Filter>
    </ClCompile>
    <ClCompile Include="src\PointLight.cpp">
      <Filter>Source Files</Filter>
    </ClCompile>
    <ClCompile Include="src\Res.cpp">
      <Filter>Source Files</Filter>
    </ClCompile>
    <ClCompile Include="src\Shader.cpp">
      <Filter>Source Files</Filter>
    </ClCompile>
    <ClCompile Include="src\stdafx.cpp">
      <Filter>Source Files</Filter>
    </ClCompile>
    <ClCompile Include="src\glad.c">
      <Filter>Source Files</Filter>
    </ClCompile>
  </ItemGroup>
  <ItemGroup>
    <ClInclude Include="include\Camera.h">
      <Filter>Header Files</Filter>
    </ClInclude>
    <ClInclude Include="include\Mesh.h">
      <Filter>Header Files</Filter>
    </ClInclude>
    <ClInclude Include="include\Model.h">
      <Filter>Header Files</Filter>
    </ClInclude>
    <ClInclude Include="include\PointLight.h">
      <Filter>Header Files</Filter>
    </ClInclude>
    <ClInclude Include="include\Res.h">
      <Filter>Header Files</Filter>
    </ClInclude>
    <ClInclude Include="include\Shader.h">
      <Filter>Header Files</Filter>
    </ClInclude>
    <ClInclude Include="include\stb_image.h">
      <Filter>Header Files</Filter>
    </ClInclude>
    <ClInclude Include="include\stdafx.h">
      <Filter>Header Files</Filter>
    </ClInclude>
    <ClInclude Include="include\targetver.h">
      <Filter>Header Files</Filter>
    </ClInclude>
    <ClInclude Include="include\Font.h">
      <Filter>Header Files</Filter>
    </ClInclude>
    <ClInclude Include="include\ft2build.h">
      <Filter>Header Files</Filter>
    </ClInclude>
  </ItemGroup>
  <ItemGroup>
    <Image Include="Resource\Textures\blending_transparent_window.png">
      <Filter>Resource Files\Textures</Filter>
    </Image>
    <Image Include="Resource\Textures\container.jpg">
      <Filter>Resource Files\Textures</Filter>
    </Image>
    <Image Include="Resource\Textures\container2.png">
      <Filter>Resource Files\Textures</Filter>
    </Image>
    <Image Include="Resource\Textures\container2_specular.png">
      <Filter>Resource Files\Textures</Filter>
    </Image>
    <Image Include="Resource\Textures\grass.png">
      <Filter>Resource Files\Textures</Filter>
    </Image>
    <Image Include="Resource\Textures\headicon.png">
      <Filter>Resource Files\Textures</Filter>
    </Image>
    <Image Include="Resource\Textures\marble.jpg">
      <Filter>Resource Files\Textures</Filter>
    </Image>
    <Image Include="Resource\Textures\metal.png">
      <Filter>Resource Files\Textures</Filter>
    </Image>
    <Image Include="Resource\Skyboxes\1\back.jpg">
      <Filter>Resource Files\Skyboxes\1</Filter>
    </Image>
    <Image Include="Resource\Skyboxes\1\bottom.jpg">
      <Filter>Resource Files\Skyboxes\1</Filter>
    </Image>
    <Image Include="Resource\Skyboxes\1\front.jpg">
      <Filter>Resource Files\Skyboxes\1</Filter>
    </Image>
    <Image Include="Resource\Skyboxes\1\left.jpg">
      <Filter>Resource Files\Skyboxes\1</Filter>
    </Image>
    <Image Include="Resource\Skyboxes\1\right.jpg">
      <Filter>Resource Files\Skyboxes\1</Filter>
    </Image>
    <Image Include="Resource\Skyboxes\1\top.jpg">
      <Filter>Resource Files\Skyboxes\1</Filter>
    </Image>
    <Image Include="Resource\Models\baize\BaiZe01_Body01_D.tga">
      <Filter>Resource Files\Models\baize</Filter>
    </Image>
    <Image Include="Resource\Models\baize\BaiZe01_Body01_S.tga">
      <Filter>Resource Files\Models\baize</Filter>
    </Image>
    <Image Include="Resource\Models\baize\BaiZe01_Hair01_D.tga">
      <Filter>Resource Files\Models\baize</Filter>
    </Image>
    <Image Include="Resource\Models\baize\BaiZe01_Hair01_S.tga">
      <Filter>Resource Files\Models\baize</Filter>
    </Image>
    <Image Include="Resource\Models\planet\planet_Quom1200.png">
      <Filter>Resource Files\Models\planet</Filter>
    </Image>
    <Image Include="Resource\Models\zhenji\zhenji256.png">
      <Filter>Resource Files\Models\zhenji</Filter>
    </Image>
  </ItemGroup>
  <ItemGroup>
    <None Include="Resource\Fonts\msyh.ttc">
      <Filter>Resource Files\Fonts</Filter>
    </None>
    <None Include="Resource\Shaders\Depth.fs">
      <Filter>Resource Files\Shaders</Filter>
    </None>
    <None Include="Resource\Shaders\Depth.vs">
      <Filter>Resource Files\Shaders</Filter>
    </None>
    <None Include="Resource\Shaders\Font.fs">
      <Filter>Resource Files\Shaders</Filter>
    </None>
    <None Include="Resource\Shaders\Font.vs">
      <Filter>Resource Files\Shaders</Filter>
    </None>
    <None Include="Resource\Shaders\Instance.fs">
      <Filter>Resource Files\Shaders</Filter>
    </None>
    <None Include="Resource\Shaders\Instance.vs">
      <Filter>Resource Files\Shaders</Filter>
    </None>
    <None Include="Resource\Shaders\LampShader.fs">
      <Filter>Resource Files\Shaders</Filter>
    </None>
    <None Include="Resource\Shaders\LampShader.vs">
      <Filter>Resource Files\Shaders</Filter>
    </None>
    <None Include="Resource\Shaders\Light.fs">
      <Filter>Resource Files\Shaders</Filter>
    </None>
    <None Include="Resource\Shaders\Light.vs">
      <Filter>Resource Files\Shaders</Filter>
    </None>
    <None Include="Resource\Shaders\Reflection.fs">
      <Filter>Resource Files\Shaders</Filter>
    </None>
    <None Include="Resource\Shaders\Reflection.vs">
      <Filter>Resource Files\Shaders</Filter>
    </None>
    <None Include="Resource\Shaders\Screen.fs">
      <Filter>Resource Files\Shaders</Filter>
    </None>
    <None Include="Resource\Shaders\Screen.vs">
      <Filter>Resource Files\Shaders</Filter>
    </None>
    <None Include="Resource\Shaders\simple.fs">
      <Filter>Resource Files\Shaders</Filter>
    </None>
    <None Include="Resource\Shaders\simple.vs">
      <Filter>Resource Files\Shaders</Filter>
    </None>
    <None Include="Resource\Shaders\SingleColor.fs">
      <Filter>Resource Files\Shaders</Filter>
    </None>
    <None Include="Resource\Shaders\SingleColor.vs">
      <Filter>Resource Files\Shaders</Filter>
    </None>
    <None Include="Resource\Shaders\SkyBox.fs">
      <Filter>Resource Files\Shaders</Filter>
    </None>
    <None Include="Resource\Shaders\SkyBox.vs">
      <Filter>Resource Files\Shaders</Filter>
    </None>
    <None Include="Resource\Models\baize\BaiZe01_Body01_D.tga.meta">
      <Filter>Resource Files\Models\baize</Filter>
    </None>
    <None Include="Resource\Models\baize\BaiZe01_Body01_S.tga.meta">
      <Filter>Resource Files\Models\baize</Filter>
    </None>
    <None Include="Resource\Models\baize\BaiZe01_Hair01_D.tga.meta">
      <Filter>Resource Files\Models\baize</Filter>
    </None>
    <None Include="Resource\Models\baize\BaiZe01_Hair01_S.tga.meta">
      <Filter>Resource Files\Models\baize</Filter>
    </None>
    <None Include="Resource\Models\baize\HER0002_BaiZe01_H.FBX">
      <Filter>Resource Files\Models\baize</Filter>
    </None>
    <None Include="Resource\Models\planet\planet.mtl">
      <Filter>Resource Files\Models\planet</Filter>
    </None>
    <None Include="Resource\Models\zhenji\ZhenJi.xyz">
      <Filter>Resource Files\Models\zhenji</Filter>
    </None>
  </ItemGroup>
</Project>